// !$*UTF8*$!
{
	archiveVersion = 1;
	classes = {
	};
	objectVersion = 56;
	objects = {

/* Begin PBXBuildFile section */
		716B19692A6F64FE0048999F /* LocationMapAnnotationView.swift in Sources */ = {isa = PBXBuildFile; fileRef = 716B19682A6F64FE0048999F /* LocationMapAnnotationView.swift */; };
		716B196B2A7002970048999F /* LocationDetailView.swift in Sources */ = {isa = PBXBuildFile; fileRef = 716B196A2A7002970048999F /* LocationDetailView.swift */; };
		71D4BBE32A6DF19400D0FF8D /* LocationsView.swift in Sources */ = {isa = PBXBuildFile; fileRef = 71D4BBE22A6DF19400D0FF8D /* LocationsView.swift */; };
		71D4BBE52A6DFB4900D0FF8D /* LocationsViewModel.swift in Sources */ = {isa = PBXBuildFile; fileRef = 71D4BBE42A6DFB4900D0FF8D /* LocationsViewModel.swift */; };
		71D4BBE72A6EC74C00D0FF8D /* LocationsListView.swift in Sources */ = {isa = PBXBuildFile; fileRef = 71D4BBE62A6EC74C00D0FF8D /* LocationsListView.swift */; };
		71D4BBE92A6ECCF400D0FF8D /* LocationPreviewView.swift in Sources */ = {isa = PBXBuildFile; fileRef = 71D4BBE82A6ECCF400D0FF8D /* LocationPreviewView.swift */; };
		71E120462A6D7D520043EFF2 /* MapAppApp.swift in Sources */ = {isa = PBXBuildFile; fileRef = 71E120452A6D7D520043EFF2 /* MapAppApp.swift */; };
		71E120482A6D7D520043EFF2 /* ContentView.swift in Sources */ = {isa = PBXBuildFile; fileRef = 71E120472A6D7D520043EFF2 /* ContentView.swift */; };
		71E1204A2A6D7D580043EFF2 /* Assets.xcassets in Resources */ = {isa = PBXBuildFile; fileRef = 71E120492A6D7D580043EFF2 /* Assets.xcassets */; };
		71E1204D2A6D7D580043EFF2 /* Preview Assets.xcassets in Resources */ = {isa = PBXBuildFile; fileRef = 71E1204C2A6D7D580043EFF2 /* Preview Assets.xcassets */; };
		71E120572A6D8C620043EFF2 /* Location.swift in Sources */ = {isa = PBXBuildFile; fileRef = 71E120562A6D8C620043EFF2 /* Location.swift */; };
		71E1205A2A6D8CEB0043EFF2 /* LocationsDataService.swift in Sources */ = {isa = PBXBuildFile; fileRef = 71E120592A6D8CEB0043EFF2 /* LocationsDataService.swift */; };
/* End PBXBuildFile section */

/* Begin PBXFileReference section */
		716B19682A6F64FE0048999F /* LocationMapAnnotationView.swift */ = {isa = PBXFileReference; lastKnownFileType = sourcecode.swift; path = LocationMapAnnotationView.swift; sourceTree = "<group>"; };
		716B196A2A7002970048999F /* LocationDetailView.swift */ = {isa = PBXFileReference; lastKnownFileType = sourcecode.swift; path = LocationDetailView.swift; sourceTree = "<group>"; };
		71D4BBE22A6DF19400D0FF8D /* LocationsView.swift */ = {isa = PBXFileReference; lastKnownFileType = sourcecode.swift; path = LocationsView.swift; sourceTree = "<group>"; };
		71D4BBE42A6DFB4900D0FF8D /* LocationsViewModel.swift */ = {isa = PBXFileReference; lastKnownFileType = sourcecode.swift; path = LocationsViewModel.swift; sourceTree = "<group>"; };
		71D4BBE62A6EC74C00D0FF8D /* LocationsListView.swift */ = {isa = PBXFileReference; lastKnownFileType = sourcecode.swift; path = LocationsListView.swift; sourceTree = "<group>"; };
		71D4BBE82A6ECCF400D0FF8D /* LocationPreviewView.swift */ = {isa = PBXFileReference; lastKnownFileType = sourcecode.swift; path = LocationPreviewView.swift; sourceTree = "<group>"; };
		71E120422A6D7D520043EFF2 /* MapApp.app */ = {isa = PBXFileReference; explicitFileType = wrapper.application; includeInIndex = 0; path = MapApp.app; sourceTree = BUILT_PRODUCTS_DIR; };
		71E120452A6D7D520043EFF2 /* MapAppApp.swift */ = {isa = PBXFileReference; lastKnownFileType = sourcecode.swift; path = MapAppApp.swift; sourceTree = "<group>"; };
		71E120472A6D7D520043EFF2 /* ContentView.swift */ = {isa = PBXFileReference; lastKnownFileType = sourcecode.swift; path = ContentView.swift; sourceTree = "<group>"; };
		71E120492A6D7D580043EFF2 /* Assets.xcassets */ = {isa = PBXFileReference; lastKnownFileType = folder.assetcatalog; path = Assets.xcassets; sourceTree = "<group>"; };
		71E1204C2A6D7D580043EFF2 /* Preview Assets.xcassets */ = {isa = PBXFileReference; lastKnownFileType = folder.assetcatalog; path = "Preview Assets.xcassets"; sourceTree = "<group>"; };
		71E120562A6D8C620043EFF2 /* Location.swift */ = {isa = PBXFileReference; lastKnownFileType = sourcecode.swift; path = Location.swift; sourceTree = "<group>"; };
		71E120592A6D8CEB0043EFF2 /* LocationsDataService.swift */ = {isa = PBXFileReference; fileEncoding = 4; lastKnownFileType = sourcecode.swift; path = LocationsDataService.swift; sourceTree = "<group>"; };
/* End PBXFileReference section */

/* Begin PBXFrameworksBuildPhase section */
		71E1203F2A6D7D520043EFF2 /* Frameworks */ = {
			isa = PBXFrameworksBuildPhase;
			buildActionMask = 2147483647;
			files = (
			);
			runOnlyForDeploymentPostprocessing = 0;
		};
/* End PBXFrameworksBuildPhase section */

/* Begin PBXGroup section */
		71E120392A6D7D520043EFF2 = {
			isa = PBXGroup;
			children = (
				71E120442A6D7D520043EFF2 /* MapApp */,
				71E120432A6D7D520043EFF2 /* Products */,
			);
			sourceTree = "<group>";
		};
		71E120432A6D7D520043EFF2 /* Products */ = {
			isa = PBXGroup;
			children = (
				71E120422A6D7D520043EFF2 /* MapApp.app */,
			);
			name = Products;
			sourceTree = "<group>";
		};
		71E120442A6D7D520043EFF2 /* MapApp */ = {
			isa = PBXGroup;
			children = (
				71E120582A6D8CD00043EFF2 /* DataServices */,
				71E120552A6D8C330043EFF2 /* ViewModels */,
				71E120542A6D8C290043EFF2 /* Views */,
				71E120532A6D8C230043EFF2 /* Models */,
				71E120452A6D7D520043EFF2 /* MapAppApp.swift */,
				71E120472A6D7D520043EFF2 /* ContentView.swift */,
				71E120492A6D7D580043EFF2 /* Assets.xcassets */,
				71E1204B2A6D7D580043EFF2 /* Preview Content */,
			);
			path = MapApp;
			sourceTree = "<group>";
		};
		71E1204B2A6D7D580043EFF2 /* Preview Content */ = {
			isa = PBXGroup;
			children = (
				71E1204C2A6D7D580043EFF2 /* Preview Assets.xcassets */,
			);
			path = "Preview Content";
			sourceTree = "<group>";
		};
		71E120532A6D8C230043EFF2 /* Models */ = {
			isa = PBXGroup;
			children = (
				71E120562A6D8C620043EFF2 /* Location.swift */,
			);
			path = Models;
			sourceTree = "<group>";
		};
		71E120542A6D8C290043EFF2 /* Views */ = {
			isa = PBXGroup;
			children = (
				71D4BBE22A6DF19400D0FF8D /* LocationsView.swift */,
				71D4BBE62A6EC74C00D0FF8D /* LocationsListView.swift */,
				71D4BBE82A6ECCF400D0FF8D /* LocationPreviewView.swift */,
				716B19682A6F64FE0048999F /* LocationMapAnnotationView.swift */,
				716B196A2A7002970048999F /* LocationDetailView.swift */,
			);
			path = Views;
			sourceTree = "<group>";
		};
		71E120552A6D8C330043EFF2 /* ViewModels */ = {
			isa = PBXGroup;
			children = (
				71D4BBE42A6DFB4900D0FF8D /* LocationsViewModel.swift */,
			);
			path = ViewModels;
			sourceTree = "<group>";
		};
		71E120582A6D8CD00043EFF2 /* DataServices */ = {
			isa = PBXGroup;
			children = (
				71E120592A6D8CEB0043EFF2 /* LocationsDataService.swift */,
			);
			path = DataServices;
			sourceTree = "<group>";
		};
/* End PBXGroup section */

/* Begin PBXNativeTarget section */
		71E120412A6D7D520043EFF2 /* MapApp */ = {
			isa = PBXNativeTarget;
			buildConfigurationList = 71E120502A6D7D580043EFF2 /* Build configuration list for PBXNativeTarget "MapApp" */;
			buildPhases = (
				71E1203E2A6D7D520043EFF2 /* Sources */,
				71E1203F2A6D7D520043EFF2 /* Frameworks */,
				71E120402A6D7D520043EFF2 /* Resources */,
			);
			buildRules = (
			);
			dependencies = (
			);
			name = MapApp;
			productName = MapApp;
			productReference = 71E120422A6D7D520043EFF2 /* MapApp.app */;
			productType = "com.apple.product-type.application";
		};
/* End PBXNativeTarget section */

/* Begin PBXProject section */
		71E1203A2A6D7D520043EFF2 /* Project object */ = {
			isa = PBXProject;
			attributes = {
				BuildIndependentTargetsInParallel = 1;
				LastSwiftUpdateCheck = 1430;
				LastUpgradeCheck = 1430;
				TargetAttributes = {
					71E120412A6D7D520043EFF2 = {
						CreatedOnToolsVersion = 14.3;
					};
				};
			};
			buildConfigurationList = 71E1203D2A6D7D520043EFF2 /* Build configuration list for PBXProject "MapApp" */;
			compatibilityVersion = "Xcode 14.0";
			developmentRegion = en;
			hasScannedForEncodings = 0;
			knownRegions = (
				en,
				Base,
			);
			mainGroup = 71E120392A6D7D520043EFF2;
			productRefGroup = 71E120432A6D7D520043EFF2 /* Products */;
			projectDirPath = "";
			projectRoot = "";
			targets = (
				71E120412A6D7D520043EFF2 /* MapApp */,
			);
		};
/* End PBXProject section */

/* Begin PBXResourcesBuildPhase section */
		71E120402A6D7D520043EFF2 /* Resources */ = {
			isa = PBXResourcesBuildPhase;
			buildActionMask = 2147483647;
			files = (
				71E1204D2A6D7D580043EFF2 /* Preview Assets.xcassets in Resources */,
				71E1204A2A6D7D580043EFF2 /* Assets.xcassets in Resources */,
			);
			runOnlyForDeploymentPostprocessing = 0;
		};
/* End PBXResourcesBuildPhase section */

/* Begin PBXSourcesBuildPhase section */
		71E1203E2A6D7D520043EFF2 /* Sources */ = {
			isa = PBXSourcesBuildPhase;
			buildActionMask = 2147483647;
			files = (
				71E1205A2A6D8CEB0043EFF2 /* LocationsDataService.swift in Sources */,
				716B19692A6F64FE0048999F /* LocationMapAnnotationView.swift in Sources */,
				71D4BBE72A6EC74C00D0FF8D /* LocationsListView.swift in Sources */,
				71D4BBE92A6ECCF400D0FF8D /* LocationPreviewView.swift in Sources */,
				71D4BBE52A6DFB4900D0FF8D /* LocationsViewModel.swift in Sources */,
				71E120482A6D7D520043EFF2 /* ContentView.swift in Sources */,
				71D4BBE32A6DF19400D0FF8D /* LocationsView.swift in Sources */,
				71E120572A6D8C620043EFF2 /* Location.swift in Sources */,
				716B196B2A7002970048999F /* LocationDetailView.swift in Sources */,
				71E120462A6D7D520043EFF2 /* MapAppApp.swift in Sources */,
			);
			runOnlyForDeploymentPostprocessing = 0;
		};
/* End PBXSourcesBuildPhase section */

/* Begin XCBuildConfiguration section */
		71E1204E2A6D7D580043EFF2 /* Debug */ = {
			isa = XCBuildConfiguration;
			buildSettings = {
				ALWAYS_SEARCH_USER_PATHS = NO;
				CLANG_ANALYZER_NONNULL = YES;
				CLANG_ANALYZER_NUMBER_OBJECT_CONVERSION = YES_AGGRESSIVE;
				CLANG_CXX_LANGUAGE_STANDARD = "gnu++20";
				CLANG_ENABLE_MODULES = YES;
				CLANG_ENABLE_OBJC_ARC = YES;
				CLANG_ENABLE_OBJC_WEAK = YES;
				CLANG_WARN_BLOCK_CAPTURE_AUTORELEASING = YES;
				CLANG_WARN_BOOL_CONVERSION = YES;
				CLANG_WARN_COMMA = YES;
				CLANG_WARN_CONSTANT_CONVERSION = YES;
				CLANG_WARN_DEPRECATED_OBJC_IMPLEMENTATIONS = YES;
				CLANG_WARN_DIRECT_OBJC_ISA_USAGE = YES_ERROR;
				CLANG_WARN_DOCUMENTATION_COMMENTS = YES;
				CLANG_WARN_EMPTY_BODY = YES;
				CLANG_WARN_ENUM_CONVERSION = YES;
				CLANG_WARN_INFINITE_RECURSION = YES;
				CLANG_WARN_INT_CONVERSION = YES;
				CLANG_WARN_NON_LITERAL_NULL_CONVERSION = YES;
				CLANG_WARN_OBJC_IMPLICIT_RETAIN_SELF = YES;
				CLANG_WARN_OBJC_LITERAL_CONVERSION = YES;
				CLANG_WARN_OBJC_ROOT_CLASS = YES_ERROR;
				CLANG_WARN_QUOTED_INCLUDE_IN_FRAMEWORK_HEADER = YES;
				CLANG_WARN_RANGE_LOOP_ANALYSIS = YES;
				CLANG_WARN_STRICT_PROTOTYPES = YES;
				CLANG_WARN_SUSPICIOUS_MOVE = YES;
				CLANG_WARN_UNGUARDED_AVAILABILITY = YES_AGGRESSIVE;
				CLANG_WARN_UNREACHABLE_CODE = YES;
				CLANG_WARN__DUPLICATE_METHOD_MATCH = YES;
				COPY_PHASE_STRIP = NO;
				DEBUG_INFORMATION_FORMAT = dwarf;
				ENABLE_STRICT_OBJC_MSGSEND = YES;
				ENABLE_TESTABILITY = YES;
				GCC_C_LANGUAGE_STANDARD = gnu11;
				GCC_DYNAMIC_NO_PIC = NO;
				GCC_NO_COMMON_BLOCKS = YES;
				GCC_OPTIMIZATION_LEVEL = 0;
				GCC_PREPROCESSOR_DEFINITIONS = (
					"DEBUG=1",
					"$(inherited)",
				);
				GCC_WARN_64_TO_32_BIT_CONVERSION = YES;
				GCC_WARN_ABOUT_RETURN_TYPE = YES_ERROR;
				GCC_WARN_UNDECLARED_SELECTOR = YES;
				GCC_WARN_UNINITIALIZED_AUTOS = YES_AGGRESSIVE;
				GCC_WARN_UNUSED_FUNCTION = YES;
				GCC_WARN_UNUSED_VARIABLE = YES;
				IPHONEOS_DEPLOYMENT_TARGET = 16.4;
				MTL_ENABLE_DEBUG_INFO = INCLUDE_SOURCE;
				MTL_FAST_MATH = YES;
				ONLY_ACTIVE_ARCH = YES;
				SDKROOT = iphoneos;
				SWIFT_ACTIVE_COMPILATION_CONDITIONS = DEBUG;
				SWIFT_OPTIMIZATION_LEVEL = "-Onone";
			};
			name = Debug;
		};
		71E1204F2A6D7D580043EFF2 /* Release */ = {
			isa = XCBuildConfiguration;
			buildSettings = {
				ALWAYS_SEARCH_USER_PATHS = NO;
				CLANG_ANALYZER_NONNULL = YES;
				CLANG_ANALYZER_NUMBER_OBJECT_CONVERSION = YES_AGGRESSIVE;
				CLANG_CXX_LANGUAGE_STANDARD = "gnu++20";
				CLANG_ENABLE_MODULES = YES;
				CLANG_ENABLE_OBJC_ARC = YES;
				CLANG_ENABLE_OBJC_WEAK = YES;
				CLANG_WARN_BLOCK_CAPTURE_AUTORELEASING = YES;
				CLANG_WARN_BOOL_CONVERSION = YES;
				CLANG_WARN_COMMA = YES;
				CLANG_WARN_CONSTANT_CONVERSION = YES;
				CLANG_WARN_DEPRECATED_OBJC_IMPLEMENTATIONS = YES;
				CLANG_WARN_DIRECT_OBJC_ISA_USAGE = YES_ERROR;
				CLANG_WARN_DOCUMENTATION_COMMENTS = YES;
				CLANG_WARN_EMPTY_BODY = YES;
				CLANG_WARN_ENUM_CONVERSION = YES;
				CLANG_WARN_INFINITE_RECURSION = YES;
				CLANG_WARN_INT_CONVERSION = YES;
				CLANG_WARN_NON_LITERAL_NULL_CONVERSION = YES;
				CLANG_WARN_OBJC_IMPLICIT_RETAIN_SELF = YES;
				CLANG_WARN_OBJC_LITERAL_CONVERSION = YES;
				CLANG_WARN_OBJC_ROOT_CLASS = YES_ERROR;
				CLANG_WARN_QUOTED_INCLUDE_IN_FRAMEWORK_HEADER = YES;
				CLANG_WARN_RANGE_LOOP_ANALYSIS = YES;
				CLANG_WARN_STRICT_PROTOTYPES = YES;
				CLANG_WARN_SUSPICIOUS_MOVE = YES;
				CLANG_WARN_UNGUARDED_AVAILABILITY = YES_AGGRESSIVE;
				CLANG_WARN_UNREACHABLE_CODE = YES;
				CLANG_WARN__DUPLICATE_METHOD_MATCH = YES;
				COPY_PHASE_STRIP = NO;
				DEBUG_INFORMATION_FORMAT = "dwarf-with-dsym";
				ENABLE_NS_ASSERTIONS = NO;
				ENABLE_STRICT_OBJC_MSGSEND = YES;
				GCC_C_LANGUAGE_STANDARD = gnu11;
				GCC_NO_COMMON_BLOCKS = YES;
				GCC_WARN_64_TO_32_BIT_CONVERSION = YES;
				GCC_WARN_ABOUT_RETURN_TYPE = YES_ERROR;
				GCC_WARN_UNDECLARED_SELECTOR = YES;
				GCC_WARN_UNINITIALIZED_AUTOS = YES_AGGRESSIVE;
				GCC_WARN_UNUSED_FUNCTION = YES;
				GCC_WARN_UNUSED_VARIABLE = YES;
				IPHONEOS_DEPLOYMENT_TARGET = 16.4;
				MTL_ENABLE_DEBUG_INFO = NO;
				MTL_FAST_MATH = YES;
				SDKROOT = iphoneos;
				SWIFT_COMPILATION_MODE = wholemodule;
				SWIFT_OPTIMIZATION_LEVEL = "-O";
				VALIDATE_PRODUCT = YES;
			};
			name = Release;
		};
		71E120512A6D7D580043EFF2 /* Debug */ = {
			isa = XCBuildConfiguration;
			buildSettings = {
				ASSETCATALOG_COMPILER_APPICON_NAME = AppIcon;
				ASSETCATALOG_COMPILER_GLOBAL_ACCENT_COLOR_NAME = AccentColor;
				CODE_SIGN_STYLE = Automatic;
				CURRENT_PROJECT_VERSION = 1;
				DEVELOPMENT_ASSET_PATHS = "\"MapApp/Preview Content\"";
				DEVELOPMENT_TEAM = 89BV38HZUZ;
				ENABLE_PREVIEWS = YES;
				GENERATE_INFOPLIST_FILE = YES;
				INFOPLIST_KEY_UIApplicationSceneManifest_Generation = YES;
				INFOPLIST_KEY_UIApplicationSupportsIndirectInputEvents = YES;
				INFOPLIST_KEY_UILaunchScreen_Generation = YES;
				INFOPLIST_KEY_UISupportedInterfaceOrientations_iPad = "UIInterfaceOrientationPortrait UIInterfaceOrientationPortraitUpsideDown UIInterfaceOrientationLandscapeLeft UIInterfaceOrientationLandscapeRight";
				INFOPLIST_KEY_UISupportedInterfaceOrientations_iPhone = "UIInterfaceOrientationPortrait UIInterfaceOrientationLandscapeLeft UIInterfaceOrientationLandscapeRight";
				LD_RUNPATH_SEARCH_PATHS = (
					"$(inherited)",
					"@executable_path/Frameworks",
				);
				MARKETING_VERSION = 1.0;
				PRODUCT_BUNDLE_IDENTIFIER = com.kimleng.MapApp;
				PRODUCT_NAME = "$(TARGET_NAME)";
				SWIFT_EMIT_LOC_STRINGS = YES;
				SWIFT_VERSION = 5.0;
				TARGETED_DEVICE_FAMILY = "1,2";
			};
			name = Debug;
		};
		71E120522A6D7D580043EFF2 /* Release */ = {
			isa = XCBuildConfiguration;
			buildSettings = {
				ASSETCATALOG_COMPILER_APPICON_NAME = AppIcon;
				ASSETCATALOG_COMPILER_GLOBAL_ACCENT_COLOR_NAME = AccentColor;
				CODE_SIGN_STYLE = Automatic;
				CURRENT_PROJECT_VERSION = 1;
				DEVELOPMENT_ASSET_PATHS = "\"MapApp/Preview Content\"";
				DEVELOPMENT_TEAM = 89BV38HZUZ;
				ENABLE_PREVIEWS = YES;
				GENERATE_INFOPLIST_FILE = YES;
				INFOPLIST_KEY_UIApplicationSceneManifest_Generation = YES;
				INFOPLIST_KEY_UIApplicationSupportsIndirectInputEvents = YES;
				INFOPLIST_KEY_UILaunchScreen_Generation = YES;
				INFOPLIST_KEY_UISupportedInterfaceOrientations_iPad = "UIInterfaceOrientationPortrait UIInterfaceOrientationPortraitUpsideDown UIInterfaceOrientationLandscapeLeft UIInterfaceOrientationLandscapeRight";
				INFOPLIST_KEY_UISupportedInterfaceOrientations_iPhone = "UIInterfaceOrientationPortrait UIInterfaceOrientationLandscapeLeft UIInterfaceOrientationLandscapeRight";
				LD_RUNPATH_SEARCH_PATHS = (
					"$(inherited)",
					"@executable_path/Frameworks",
				);
				MARKETING_VERSION = 1.0;
				PRODUCT_BUNDLE_IDENTIFIER = com.kimleng.MapApp;
				PRODUCT_NAME = "$(TARGET_NAME)";
				SWIFT_EMIT_LOC_STRINGS = YES;
				SWIFT_VERSION = 5.0;
				TARGETED_DEVICE_FAMILY = "1,2";
			};
			name = Release;
		};
/* End XCBuildConfiguration section */

/* Begin XCConfigurationList section */
		71E1203D2A6D7D520043EFF2 /* Build configuration list for PBXProject "MapApp" */ = {
			isa = XCConfigurationList;
			buildConfigurations = (
				71E1204E2A6D7D580043EFF2 /* Debug */,
				71E1204F2A6D7D580043EFF2 /* Release */,
			);
			defaultConfigurationIsVisible = 0;
			defaultConfigurationName = Release;
		};
		71E120502A6D7D580043EFF2 /* Build configuration list for PBXNativeTarget "MapApp" */ = {
			isa = XCConfigurationList;
			buildConfigurations = (
				71E120512A6D7D580043EFF2 /* Debug */,
				71E120522A6D7D580043EFF2 /* Release */,
			);
			defaultConfigurationIsVisible = 0;
			defaultConfigurationName = Release;
		};
/* End XCConfigurationList section */
	};
	rootObject = 71E1203A2A6D7D520043EFF2 /* Project object */;
}
